
Microsoft Visual Studio Solution File, Format Version 12.00
# Visual Studio Version 16
VisualStudioVersion = 16.0.29306.81
MinimumVisualStudioVersion = 10.0.40219.1
Project("{FAE04EC0-301F-11D3-BF4B-00C04F79EFBC}") = "Restaurant", "Restaurant\Restaurant.csproj", "{52B03683-2085-416D-BC42-004330BF4D2C}"
EndProject
Project("{FAE04EC0-301F-11D3-BF4B-00C04F79EFBC}") = "MenuTests", "MenuTests\MenuTests.csproj", "{8C549D3C-4AC2-4860-BC79-1B188DF0918B}"
EndProject
Global
	GlobalSection(SolutionConfigurationPlatforms) = preSolution
		Debug|Any CPU = Debug|Any CPU
		Release|Any CPU = Release|Any CPU
	EndGlobalSection
	GlobalSection(ProjectConfigurationPlatforms) = postSolution
		{52B03683-2085-416D-BC42-004330BF4D2C}.Debug|Any CPU.ActiveCfg = Debug|Any CPU
		{52B03683-2085-416D-BC42-004330BF4D2C}.Debug|Any CPU.Build.0 = Debug|Any CPU
		{52B03683-2085-416D-BC42-004330BF4D2C}.Release|Any CPU.ActiveCfg = Release|Any CPU
		{52B03683-2085-416D-BC42-004330BF4D2C}.Release|Any CPU.Build.0 = Release|Any CPU
		{8C549D3C-4AC2-4860-BC79-1B188DF0918B}.Debug|Any CPU.ActiveCfg = Debug|Any CPU
		{8C549D3C-4AC2-4860-BC79-1B188DF0918B}.Debug|Any CPU.Build.0 = Debug|Any CPU
		{8C549D3C-4AC2-4860-BC79-1B188DF0918B}.Release|Any CPU.ActiveCfg = Release|Any CPU
		{8C549D3C-4AC2-4860-BC79-1B188DF0918B}.Release|Any CPU.Build.0 = Release|Any CPU
	EndGlobalSection
	GlobalSection(SolutionProperties) = preSolution
		HideSolutionNode = FALSE
	EndGlobalSection
	GlobalSection(ExtensibilityGlobals) = postSolution
		SolutionGuid = {38AB3CE9-9CEF-4D66-9E0B-436864378526}
	EndGlobalSection
EndGlobal
